
Microsoft Visual Studio Solution File, Format Version 12.00
# Visual Studio Version 17
VisualStudioVersion = 17.4.33110.190
MinimumVisualStudioVersion = 10.0.40219.1
Project("{FAE04EC0-301F-11D3-BF4B-00C04F79EFBC}") = "Tourism", "Tourism\Tourism.csproj", "{FEF2B098-64B3-4977-B028-B20F67C38A7B}"
EndProject
Global
	GlobalSection(SolutionConfigurationPlatforms) = preSolution
		Debug|Any CPU = Debug|Any CPU
		Release|Any CPU = Release|Any CPU
	EndGlobalSection
	GlobalSection(ProjectConfigurationPlatforms) = postSolution
		{FEF2B098-64B3-4977-B028-B20F67C38A7B}.Debug|Any CPU.ActiveCfg = Debug|Any CPU
		{FEF2B098-64B3-4977-B028-B20F67C38A7B}.Debug|Any CPU.Build.0 = Debug|Any CPU
		{FEF2B098-64B3-4977-B028-B20F67C38A7B}.Release|Any CPU.ActiveCfg = Release|Any CPU
		{FEF2B098-64B3-4977-B028-B20F67C38A7B}.Release|Any CPU.Build.0 = Release|Any CPU
	EndGlobalSection
	GlobalSection(SolutionProperties) = preSolution
		HideSolutionNode = FALSE
	EndGlobalSection
	GlobalSection(ExtensibilityGlobals) = postSolution
		SolutionGuid = {09DAF046-7CF6-48C0-ABF9-DBCA314ED530}
	EndGlobalSection
EndGlobal
